// !$*UTF8*$!
{
	archiveVersion = 1;
	classes = {
	};
	objectVersion = 56;
	objects = {

/* Begin PBXBuildFile section */
		885BD3512B86196C000C5ECA /* NetworkService.swift in Sources */ = {isa = PBXBuildFile; fileRef = 885BD3502B86196C000C5ECA /* NetworkService.swift */; };
		885BD3542B868B5F000C5ECA /* StorageService.swift in Sources */ = {isa = PBXBuildFile; fileRef = 885BD3532B868B5F000C5ECA /* StorageService.swift */; };
		885BD3562B873B9B000C5ECA /* Extension+String.swift in Sources */ = {isa = PBXBuildFile; fileRef = 885BD3552B873B9B000C5ECA /* Extension+String.swift */; };
		885BD35A2B8744D5000C5ECA /* RealmModels.swift in Sources */ = {isa = PBXBuildFile; fileRef = 885BD3592B8744D5000C5ECA /* RealmModels.swift */; };
		885BD35C2B8A123C000C5ECA /* FavouriteViewModel.swift in Sources */ = {isa = PBXBuildFile; fileRef = 885BD35B2B8A123C000C5ECA /* FavouriteViewModel.swift */; };
		885BD35E2B8A1468000C5ECA /* MainViewModel.swift in Sources */ = {isa = PBXBuildFile; fileRef = 885BD35D2B8A1468000C5ECA /* MainViewModel.swift */; };
		885BD3622B8A3202000C5ECA /* heart.png in Resources */ = {isa = PBXBuildFile; fileRef = 885BD3612B8A3202000C5ECA /* heart.png */; };
		885BD3642B8A3226000C5ECA /* heartFill.png in Resources */ = {isa = PBXBuildFile; fileRef = 885BD3632B8A3226000C5ECA /* heartFill.png */; };
		885BD3662B8B6671000C5ECA /* Extension+NotificationCenter.swift in Sources */ = {isa = PBXBuildFile; fileRef = 885BD3652B8B6671000C5ECA /* Extension+NotificationCenter.swift */; };
		885BD3682B8B7438000C5ECA /* Extension+Calendar.swift in Sources */ = {isa = PBXBuildFile; fileRef = 885BD3672B8B7438000C5ECA /* Extension+Calendar.swift */; };
		8871C9212B91C8C900124220 /* BaseViewController.swift in Sources */ = {isa = PBXBuildFile; fileRef = 8871C9202B91C8C900124220 /* BaseViewController.swift */; };
		8871C9232B91D77900124220 /* WeatherTableViewCellModel.swift in Sources */ = {isa = PBXBuildFile; fileRef = 8871C9222B91D77900124220 /* WeatherTableViewCellModel.swift */; };
		88BBA61D2B84E9C100F6248B /* AppDelegate.swift in Sources */ = {isa = PBXBuildFile; fileRef = 88BBA61C2B84E9C100F6248B /* AppDelegate.swift */; };
		88BBA6212B84E9C100F6248B /* ViewController.swift in Sources */ = {isa = PBXBuildFile; fileRef = 88BBA6202B84E9C100F6248B /* ViewController.swift */; };
		88BBA6292B84E9C400F6248B /* Assets.xcassets in Resources */ = {isa = PBXBuildFile; fileRef = 88BBA6282B84E9C300F6248B /* Assets.xcassets */; };
		88BBA62C2B84E9C400F6248B /* LaunchScreen.storyboard in Resources */ = {isa = PBXBuildFile; fileRef = 88BBA62A2B84E9C400F6248B /* LaunchScreen.storyboard */; };
		88BBA6592B84FD5300F6248B /* MainViewController.swift in Sources */ = {isa = PBXBuildFile; fileRef = 88BBA6582B84FD5300F6248B /* MainViewController.swift */; };
		88BBA65B2B84FD6700F6248B /* FavouriteViewController.swift in Sources */ = {isa = PBXBuildFile; fileRef = 88BBA65A2B84FD6700F6248B /* FavouriteViewController.swift */; };
		88BBA65D2B84FDA100F6248B /* TabBarControllerViewController.swift in Sources */ = {isa = PBXBuildFile; fileRef = 88BBA65C2B84FDA100F6248B /* TabBarControllerViewController.swift */; };
		88FDBA842B850B9400A6E73E /* home.png in Resources */ = {isa = PBXBuildFile; fileRef = 88FDBA822B850B9300A6E73E /* home.png */; };
		88FDBA882B850CE900A6E73E /* Extension+UIImage.swift in Sources */ = {isa = PBXBuildFile; fileRef = 88FDBA872B850CE900A6E73E /* Extension+UIImage.swift */; };
		88FDBA8B2B8510E300A6E73E /* WeatherTableViewCell.swift in Sources */ = {isa = PBXBuildFile; fileRef = 88FDBA8A2B8510E300A6E73E /* WeatherTableViewCell.swift */; };
		88FDBD552B85190900A6E73E /* 395.png in Resources */ = {isa = PBXBuildFile; fileRef = 88FDBD242B8518EF00A6E73E /* 395.png */; };
		88FDBD562B85190900A6E73E /* 386.png in Resources */ = {isa = PBXBuildFile; fileRef = 88FDBD252B8518F000A6E73E /* 386.png */; };
		88FDBD572B85190900A6E73E /* 260.png in Resources */ = {isa = PBXBuildFile; fileRef = 88FDBD262B8518F000A6E73E /* 260.png */; };
		88FDBD582B85190900A6E73E /* 266.png in Resources */ = {isa = PBXBuildFile; fileRef = 88FDBD272B8518F100A6E73E /* 266.png */; };
		88FDBD592B85190900A6E73E /* 305.png in Resources */ = {isa = PBXBuildFile; fileRef = 88FDBD282B8518F100A6E73E /* 305.png */; };
		88FDBD5A2B85190900A6E73E /* 119.png in Resources */ = {isa = PBXBuildFile; fileRef = 88FDBD292B8518F200A6E73E /* 119.png */; };
		88FDBD5B2B85190900A6E73E /* 308.png in Resources */ = {isa = PBXBuildFile; fileRef = 88FDBD2A2B8518F200A6E73E /* 308.png */; };
		88FDBD5C2B85190900A6E73E /* 392.png in Resources */ = {isa = PBXBuildFile; fileRef = 88FDBD2B2B8518F300A6E73E /* 392.png */; };
		88FDBD5D2B85190900A6E73E /* 293.png in Resources */ = {isa = PBXBuildFile; fileRef = 88FDBD2C2B8518F300A6E73E /* 293.png */; };
		88FDBD5E2B85190900A6E73E /* 182.png in Resources */ = {isa = PBXBuildFile; fileRef = 88FDBD2D2B8518F400A6E73E /* 182.png */; };
		88FDBD5F2B85190900A6E73E /* 248.png in Resources */ = {isa = PBXBuildFile; fileRef = 88FDBD2E2B8518F400A6E73E /* 248.png */; };
		88FDBD602B85190900A6E73E /* 326.png in Resources */ = {isa = PBXBuildFile; fileRef = 88FDBD2F2B8518F500A6E73E /* 326.png */; };
		88FDBD612B85190900A6E73E /* 284.png in Resources */ = {isa = PBXBuildFile; fileRef = 88FDBD302B8518F500A6E73E /* 284.png */; };
		88FDBD622B85190900A6E73E /* 338.png in Resources */ = {isa = PBXBuildFile; fileRef = 88FDBD312B8518F600A6E73E /* 338.png */; };
		88FDBD632B85190900A6E73E /* 113.png in Resources */ = {isa = PBXBuildFile; fileRef = 88FDBD322B8518F600A6E73E /* 113.png */; };
		88FDBD642B85190900A6E73E /* 377.png in Resources */ = {isa = PBXBuildFile; fileRef = 88FDBD332B8518F700A6E73E /* 377.png */; };
		88FDBD652B85190900A6E73E /* 320.png in Resources */ = {isa = PBXBuildFile; fileRef = 88FDBD342B8518F800A6E73E /* 320.png */; };
		88FDBD662B85190900A6E73E /* 179.png in Resources */ = {isa = PBXBuildFile; fileRef = 88FDBD352B8518F800A6E73E /* 179.png */; };
		88FDBD672B85190900A6E73E /* 365.png in Resources */ = {isa = PBXBuildFile; fileRef = 88FDBD362B8518F900A6E73E /* 365.png */; };
		88FDBD682B85190900A6E73E /* 299.png in Resources */ = {isa = PBXBuildFile; fileRef = 88FDBD372B8518F900A6E73E /* 299.png */; };
		88FDBD692B85190900A6E73E /* 200.png in Resources */ = {isa = PBXBuildFile; fileRef = 88FDBD382B8518FA00A6E73E /* 200.png */; };
		88FDBD6A2B85190900A6E73E /* 368.png in Resources */ = {isa = PBXBuildFile; fileRef = 88FDBD392B8518FA00A6E73E /* 368.png */; };
		88FDBD6B2B85190900A6E73E /* 302.png in Resources */ = {isa = PBXBuildFile; fileRef = 88FDBD3A2B8518FB00A6E73E /* 302.png */; };
		88FDBD6C2B85190900A6E73E /* 317.png in Resources */ = {isa = PBXBuildFile; fileRef = 88FDBD3B2B8518FB00A6E73E /* 317.png */; };
		88FDBD6D2B85190900A6E73E /* 350.png in Resources */ = {isa = PBXBuildFile; fileRef = 88FDBD3C2B8518FC00A6E73E /* 350.png */; };
		88FDBD6E2B85190900A6E73E /* 323.png in Resources */ = {isa = PBXBuildFile; fileRef = 88FDBD3D2B8518FC00A6E73E /* 323.png */; };
		88FDBD6F2B85190900A6E73E /* 230.png in Resources */ = {isa = PBXBuildFile; fileRef = 88FDBD3E2B8518FD00A6E73E /* 230.png */; };
		88FDBD702B85190900A6E73E /* 116.png in Resources */ = {isa = PBXBuildFile; fileRef = 88FDBD3F2B8518FE00A6E73E /* 116.png */; };
		88FDBD712B85190900A6E73E /* 389.png in Resources */ = {isa = PBXBuildFile; fileRef = 88FDBD402B8518FE00A6E73E /* 389.png */; };
		88FDBD722B85190900A6E73E /* 122.png in Resources */ = {isa = PBXBuildFile; fileRef = 88FDBD412B8518FF00A6E73E /* 122.png */; };
		88FDBD732B85190900A6E73E /* Thumbs.db in Resources */ = {isa = PBXBuildFile; fileRef = 88FDBD422B8518FF00A6E73E /* Thumbs.db */; };
		88FDBD742B85190900A6E73E /* 374.png in Resources */ = {isa = PBXBuildFile; fileRef = 88FDBD432B85190000A6E73E /* 374.png */; };
		88FDBD752B85190900A6E73E /* 359.png in Resources */ = {isa = PBXBuildFile; fileRef = 88FDBD442B85190000A6E73E /* 359.png */; };
		88FDBD762B85190900A6E73E /* 314.png in Resources */ = {isa = PBXBuildFile; fileRef = 88FDBD452B85190100A6E73E /* 314.png */; };
		88FDBD772B85190900A6E73E /* 329.png in Resources */ = {isa = PBXBuildFile; fileRef = 88FDBD462B85190100A6E73E /* 329.png */; };
		88FDBD782B85190900A6E73E /* 332.png in Resources */ = {isa = PBXBuildFile; fileRef = 88FDBD472B85190200A6E73E /* 332.png */; };
		88FDBD792B85190900A6E73E /* 227.png in Resources */ = {isa = PBXBuildFile; fileRef = 88FDBD482B85190200A6E73E /* 227.png */; };
		88FDBD7A2B85190900A6E73E /* 263.png in Resources */ = {isa = PBXBuildFile; fileRef = 88FDBD492B85190300A6E73E /* 263.png */; };
		88FDBD7B2B85190900A6E73E /* 356.png in Resources */ = {isa = PBXBuildFile; fileRef = 88FDBD4A2B85190400A6E73E /* 356.png */; };
		88FDBD7C2B85190900A6E73E /* 362.png in Resources */ = {isa = PBXBuildFile; fileRef = 88FDBD4B2B85190400A6E73E /* 362.png */; };
		88FDBD7D2B85190900A6E73E /* 311.png in Resources */ = {isa = PBXBuildFile; fileRef = 88FDBD4C2B85190500A6E73E /* 311.png */; };
		88FDBD7E2B85190900A6E73E /* 143.png in Resources */ = {isa = PBXBuildFile; fileRef = 88FDBD4D2B85190500A6E73E /* 143.png */; };
		88FDBD7F2B85190900A6E73E /* 296.png in Resources */ = {isa = PBXBuildFile; fileRef = 88FDBD4E2B85190600A6E73E /* 296.png */; };
		88FDBD802B85190900A6E73E /* 185.png in Resources */ = {isa = PBXBuildFile; fileRef = 88FDBD4F2B85190600A6E73E /* 185.png */; };
		88FDBD812B85190900A6E73E /* 353.png in Resources */ = {isa = PBXBuildFile; fileRef = 88FDBD502B85190700A6E73E /* 353.png */; };
		88FDBD822B85190900A6E73E /* 281.png in Resources */ = {isa = PBXBuildFile; fileRef = 88FDBD512B85190700A6E73E /* 281.png */; };
		88FDBD832B85190900A6E73E /* 176.png in Resources */ = {isa = PBXBuildFile; fileRef = 88FDBD522B85190800A6E73E /* 176.png */; };
		88FDBD842B85190900A6E73E /* 335.png in Resources */ = {isa = PBXBuildFile; fileRef = 88FDBD532B85190800A6E73E /* 335.png */; };
		88FDBD852B85190900A6E73E /* 371.png in Resources */ = {isa = PBXBuildFile; fileRef = 88FDBD542B85190900A6E73E /* 371.png */; };
		88FDBD8B2B852CFE00A6E73E /* DetailViewController.swift in Sources */ = {isa = PBXBuildFile; fileRef = 88FDBD8A2B852CFE00A6E73E /* DetailViewController.swift */; };
		88FDBD8D2B852D1200A6E73E /* DetailViewModel.swift in Sources */ = {isa = PBXBuildFile; fileRef = 88FDBD8C2B852D1200A6E73E /* DetailViewModel.swift */; };
		88FDBD922B852E4200A6E73E /* BaseTableCell.swift in Sources */ = {isa = PBXBuildFile; fileRef = 88FDBD912B852E4200A6E73E /* BaseTableCell.swift */; };
		88FDBD942B85312E00A6E73E /* Extension+UIStackView.swift in Sources */ = {isa = PBXBuildFile; fileRef = 88FDBD932B85312E00A6E73E /* Extension+UIStackView.swift */; };
		88FDBD962B85D2A500A6E73E /* Extension+Reactive.swift in Sources */ = {isa = PBXBuildFile; fileRef = 88FDBD952B85D2A400A6E73E /* Extension+Reactive.swift */; };
		88FDBD9B2B85E75F00A6E73E /* Models.swift in Sources */ = {isa = PBXBuildFile; fileRef = 88FDBD9A2B85E75F00A6E73E /* Models.swift */; };
		F448A4AB7D4C864C5152E57C /* Pods_Weather.framework in Frameworks */ = {isa = PBXBuildFile; fileRef = C194C63ECAA30391BFB5F97D /* Pods_Weather.framework */; };
/* End PBXBuildFile section */

/* Begin PBXFileReference section */
		29D7380C5DC007F4B128999F /* Pods-Weather.debug.xcconfig */ = {isa = PBXFileReference; includeInIndex = 1; lastKnownFileType = text.xcconfig; name = "Pods-Weather.debug.xcconfig"; path = "Target Support Files/Pods-Weather/Pods-Weather.debug.xcconfig"; sourceTree = "<group>"; };
		31EBFCBC445020EB4094993A /* Pods-Weather.release.xcconfig */ = {isa = PBXFileReference; includeInIndex = 1; lastKnownFileType = text.xcconfig; name = "Pods-Weather.release.xcconfig"; path = "Target Support Files/Pods-Weather/Pods-Weather.release.xcconfig"; sourceTree = "<group>"; };
		885BD3502B86196C000C5ECA /* NetworkService.swift */ = {isa = PBXFileReference; lastKnownFileType = sourcecode.swift; path = NetworkService.swift; sourceTree = "<group>"; };
		885BD3532B868B5F000C5ECA /* StorageService.swift */ = {isa = PBXFileReference; lastKnownFileType = sourcecode.swift; path = StorageService.swift; sourceTree = "<group>"; };
		885BD3552B873B9B000C5ECA /* Extension+String.swift */ = {isa = PBXFileReference; lastKnownFileType = sourcecode.swift; path = "Extension+String.swift"; sourceTree = "<group>"; };
		885BD3592B8744D5000C5ECA /* RealmModels.swift */ = {isa = PBXFileReference; lastKnownFileType = sourcecode.swift; path = RealmModels.swift; sourceTree = "<group>"; };
		885BD35B2B8A123C000C5ECA /* FavouriteViewModel.swift */ = {isa = PBXFileReference; lastKnownFileType = sourcecode.swift; path = FavouriteViewModel.swift; sourceTree = "<group>"; };
		885BD35D2B8A1468000C5ECA /* MainViewModel.swift */ = {isa = PBXFileReference; lastKnownFileType = sourcecode.swift; path = MainViewModel.swift; sourceTree = "<group>"; };
		885BD3612B8A3202000C5ECA /* heart.png */ = {isa = PBXFileReference; lastKnownFileType = image.png; path = heart.png; sourceTree = "<group>"; };
		885BD3632B8A3226000C5ECA /* heartFill.png */ = {isa = PBXFileReference; lastKnownFileType = image.png; path = heartFill.png; sourceTree = "<group>"; };
		885BD3652B8B6671000C5ECA /* Extension+NotificationCenter.swift */ = {isa = PBXFileReference; lastKnownFileType = sourcecode.swift; path = "Extension+NotificationCenter.swift"; sourceTree = "<group>"; };
		885BD3672B8B7438000C5ECA /* Extension+Calendar.swift */ = {isa = PBXFileReference; lastKnownFileType = sourcecode.swift; path = "Extension+Calendar.swift"; sourceTree = "<group>"; };
		8871C9202B91C8C900124220 /* BaseViewController.swift */ = {isa = PBXFileReference; lastKnownFileType = sourcecode.swift; path = BaseViewController.swift; sourceTree = "<group>"; };
		8871C9222B91D77900124220 /* WeatherTableViewCellModel.swift */ = {isa = PBXFileReference; lastKnownFileType = sourcecode.swift; path = WeatherTableViewCellModel.swift; sourceTree = "<group>"; };
		88BBA6192B84E9C100F6248B /* Weather.app */ = {isa = PBXFileReference; explicitFileType = wrapper.application; includeInIndex = 0; path = Weather.app; sourceTree = BUILT_PRODUCTS_DIR; };
		88BBA61C2B84E9C100F6248B /* AppDelegate.swift */ = {isa = PBXFileReference; lastKnownFileType = sourcecode.swift; path = AppDelegate.swift; sourceTree = "<group>"; };
		88BBA6202B84E9C100F6248B /* ViewController.swift */ = {isa = PBXFileReference; lastKnownFileType = sourcecode.swift; path = ViewController.swift; sourceTree = "<group>"; };
		88BBA6282B84E9C300F6248B /* Assets.xcassets */ = {isa = PBXFileReference; lastKnownFileType = folder.assetcatalog; path = Assets.xcassets; sourceTree = "<group>"; };
		88BBA62B2B84E9C400F6248B /* Base */ = {isa = PBXFileReference; lastKnownFileType = file.storyboard; name = Base; path = Base.lproj/LaunchScreen.storyboard; sourceTree = "<group>"; };
		88BBA62D2B84E9C400F6248B /* Info.plist */ = {isa = PBXFileReference; lastKnownFileType = text.plist.xml; path = Info.plist; sourceTree = "<group>"; };
		88BBA6582B84FD5300F6248B /* MainViewController.swift */ = {isa = PBXFileReference; lastKnownFileType = sourcecode.swift; path = MainViewController.swift; sourceTree = "<group>"; };
		88BBA65A2B84FD6700F6248B /* FavouriteViewController.swift */ = {isa = PBXFileReference; lastKnownFileType = sourcecode.swift; path = FavouriteViewController.swift; sourceTree = "<group>"; };
		88BBA65C2B84FDA100F6248B /* TabBarControllerViewController.swift */ = {isa = PBXFileReference; lastKnownFileType = sourcecode.swift; path = TabBarControllerViewController.swift; sourceTree = "<group>"; };
		88FDBA822B850B9300A6E73E /* home.png */ = {isa = PBXFileReference; lastKnownFileType = image.png; path = home.png; sourceTree = "<group>"; };
		88FDBA872B850CE900A6E73E /* Extension+UIImage.swift */ = {isa = PBXFileReference; lastKnownFileType = sourcecode.swift; path = "Extension+UIImage.swift"; sourceTree = "<group>"; };
		88FDBA8A2B8510E300A6E73E /* WeatherTableViewCell.swift */ = {isa = PBXFileReference; lastKnownFileType = sourcecode.swift; path = WeatherTableViewCell.swift; sourceTree = "<group>"; };
		88FDBD242B8518EF00A6E73E /* 395.png */ = {isa = PBXFileReference; lastKnownFileType = image.png; path = 395.png; sourceTree = "<group>"; };
		88FDBD252B8518F000A6E73E /* 386.png */ = {isa = PBXFileReference; lastKnownFileType = image.png; path = 386.png; sourceTree = "<group>"; };
		88FDBD262B8518F000A6E73E /* 260.png */ = {isa = PBXFileReference; lastKnownFileType = image.png; path = 260.png; sourceTree = "<group>"; };
		88FDBD272B8518F100A6E73E /* 266.png */ = {isa = PBXFileReference; lastKnownFileType = image.png; path = 266.png; sourceTree = "<group>"; };
		88FDBD282B8518F100A6E73E /* 305.png */ = {isa = PBXFileReference; lastKnownFileType = image.png; path = 305.png; sourceTree = "<group>"; };
		88FDBD292B8518F200A6E73E /* 119.png */ = {isa = PBXFileReference; lastKnownFileType = image.png; path = 119.png; sourceTree = "<group>"; };
		88FDBD2A2B8518F200A6E73E /* 308.png */ = {isa = PBXFileReference; lastKnownFileType = image.png; path = 308.png; sourceTree = "<group>"; };
		88FDBD2B2B8518F300A6E73E /* 392.png */ = {isa = PBXFileReference; lastKnownFileType = image.png; path = 392.png; sourceTree = "<group>"; };
		88FDBD2C2B8518F300A6E73E /* 293.png */ = {isa = PBXFileReference; lastKnownFileType = image.png; path = 293.png; sourceTree = "<group>"; };
		88FDBD2D2B8518F400A6E73E /* 182.png */ = {isa = PBXFileReference; lastKnownFileType = image.png; path = 182.png; sourceTree = "<group>"; };
		88FDBD2E2B8518F400A6E73E /* 248.png */ = {isa = PBXFileReference; lastKnownFileType = image.png; path = 248.png; sourceTree = "<group>"; };
		88FDBD2F2B8518F500A6E73E /* 326.png */ = {isa = PBXFileReference; lastKnownFileType = image.png; path = 326.png; sourceTree = "<group>"; };
		88FDBD302B8518F500A6E73E /* 284.png */ = {isa = PBXFileReference; lastKnownFileType = image.png; path = 284.png; sourceTree = "<group>"; };
		88FDBD312B8518F600A6E73E /* 338.png */ = {isa = PBXFileReference; lastKnownFileType = image.png; path = 338.png; sourceTree = "<group>"; };
		88FDBD322B8518F600A6E73E /* 113.png */ = {isa = PBXFileReference; lastKnownFileType = image.png; path = 113.png; sourceTree = "<group>"; };
		88FDBD332B8518F700A6E73E /* 377.png */ = {isa = PBXFileReference; lastKnownFileType = image.png; path = 377.png; sourceTree = "<group>"; };
		88FDBD342B8518F800A6E73E /* 320.png */ = {isa = PBXFileReference; lastKnownFileType = image.png; path = 320.png; sourceTree = "<group>"; };
		88FDBD352B8518F800A6E73E /* 179.png */ = {isa = PBXFileReference; lastKnownFileType = image.png; path = 179.png; sourceTree = "<group>"; };
		88FDBD362B8518F900A6E73E /* 365.png */ = {isa = PBXFileReference; lastKnownFileType = image.png; path = 365.png; sourceTree = "<group>"; };
		88FDBD372B8518F900A6E73E /* 299.png */ = {isa = PBXFileReference; lastKnownFileType = image.png; path = 299.png; sourceTree = "<group>"; };
		88FDBD382B8518FA00A6E73E /* 200.png */ = {isa = PBXFileReference; lastKnownFileType = image.png; path = 200.png; sourceTree = "<group>"; };
		88FDBD392B8518FA00A6E73E /* 368.png */ = {isa = PBXFileReference; lastKnownFileType = image.png; path = 368.png; sourceTree = "<group>"; };
		88FDBD3A2B8518FB00A6E73E /* 302.png */ = {isa = PBXFileReference; lastKnownFileType = image.png; path = 302.png; sourceTree = "<group>"; };
		88FDBD3B2B8518FB00A6E73E /* 317.png */ = {isa = PBXFileReference; lastKnownFileType = image.png; path = 317.png; sourceTree = "<group>"; };
		88FDBD3C2B8518FC00A6E73E /* 350.png */ = {isa = PBXFileReference; lastKnownFileType = image.png; path = 350.png; sourceTree = "<group>"; };
		88FDBD3D2B8518FC00A6E73E /* 323.png */ = {isa = PBXFileReference; lastKnownFileType = image.png; path = 323.png; sourceTree = "<group>"; };
		88FDBD3E2B8518FD00A6E73E /* 230.png */ = {isa = PBXFileReference; lastKnownFileType = image.png; path = 230.png; sourceTree = "<group>"; };
		88FDBD3F2B8518FE00A6E73E /* 116.png */ = {isa = PBXFileReference; lastKnownFileType = image.png; path = 116.png; sourceTree = "<group>"; };
		88FDBD402B8518FE00A6E73E /* 389.png */ = {isa = PBXFileReference; lastKnownFileType = image.png; path = 389.png; sourceTree = "<group>"; };
		88FDBD412B8518FF00A6E73E /* 122.png */ = {isa = PBXFileReference; lastKnownFileType = image.png; path = 122.png; sourceTree = "<group>"; };
		88FDBD422B8518FF00A6E73E /* Thumbs.db */ = {isa = PBXFileReference; lastKnownFileType = file; path = Thumbs.db; sourceTree = "<group>"; };
		88FDBD432B85190000A6E73E /* 374.png */ = {isa = PBXFileReference; lastKnownFileType = image.png; path = 374.png; sourceTree = "<group>"; };
		88FDBD442B85190000A6E73E /* 359.png */ = {isa = PBXFileReference; lastKnownFileType = image.png; path = 359.png; sourceTree = "<group>"; };
		88FDBD452B85190100A6E73E /* 314.png */ = {isa = PBXFileReference; lastKnownFileType = image.png; path = 314.png; sourceTree = "<group>"; };
		88FDBD462B85190100A6E73E /* 329.png */ = {isa = PBXFileReference; lastKnownFileType = image.png; path = 329.png; sourceTree = "<group>"; };
		88FDBD472B85190200A6E73E /* 332.png */ = {isa = PBXFileReference; lastKnownFileType = image.png; path = 332.png; sourceTree = "<group>"; };
		88FDBD482B85190200A6E73E /* 227.png */ = {isa = PBXFileReference; lastKnownFileType = image.png; path = 227.png; sourceTree = "<group>"; };
		88FDBD492B85190300A6E73E /* 263.png */ = {isa = PBXFileReference; lastKnownFileType = image.png; path = 263.png; sourceTree = "<group>"; };
		88FDBD4A2B85190400A6E73E /* 356.png */ = {isa = PBXFileReference; lastKnownFileType = image.png; path = 356.png; sourceTree = "<group>"; };
		88FDBD4B2B85190400A6E73E /* 362.png */ = {isa = PBXFileReference; lastKnownFileType = image.png; path = 362.png; sourceTree = "<group>"; };
		88FDBD4C2B85190500A6E73E /* 311.png */ = {isa = PBXFileReference; lastKnownFileType = image.png; path = 311.png; sourceTree = "<group>"; };
		88FDBD4D2B85190500A6E73E /* 143.png */ = {isa = PBXFileReference; lastKnownFileType = image.png; path = 143.png; sourceTree = "<group>"; };
		88FDBD4E2B85190600A6E73E /* 296.png */ = {isa = PBXFileReference; lastKnownFileType = image.png; path = 296.png; sourceTree = "<group>"; };
		88FDBD4F2B85190600A6E73E /* 185.png */ = {isa = PBXFileReference; lastKnownFileType = image.png; path = 185.png; sourceTree = "<group>"; };
		88FDBD502B85190700A6E73E /* 353.png */ = {isa = PBXFileReference; lastKnownFileType = image.png; path = 353.png; sourceTree = "<group>"; };
		88FDBD512B85190700A6E73E /* 281.png */ = {isa = PBXFileReference; lastKnownFileType = image.png; path = 281.png; sourceTree = "<group>"; };
		88FDBD522B85190800A6E73E /* 176.png */ = {isa = PBXFileReference; lastKnownFileType = image.png; path = 176.png; sourceTree = "<group>"; };
		88FDBD532B85190800A6E73E /* 335.png */ = {isa = PBXFileReference; lastKnownFileType = image.png; path = 335.png; sourceTree = "<group>"; };
		88FDBD542B85190900A6E73E /* 371.png */ = {isa = PBXFileReference; lastKnownFileType = image.png; path = 371.png; sourceTree = "<group>"; };
		88FDBD8A2B852CFE00A6E73E /* DetailViewController.swift */ = {isa = PBXFileReference; lastKnownFileType = sourcecode.swift; path = DetailViewController.swift; sourceTree = "<group>"; };
		88FDBD8C2B852D1200A6E73E /* DetailViewModel.swift */ = {isa = PBXFileReference; lastKnownFileType = sourcecode.swift; path = DetailViewModel.swift; sourceTree = "<group>"; };
		88FDBD912B852E4200A6E73E /* BaseTableCell.swift */ = {isa = PBXFileReference; lastKnownFileType = sourcecode.swift; path = BaseTableCell.swift; sourceTree = "<group>"; };
		88FDBD932B85312E00A6E73E /* Extension+UIStackView.swift */ = {isa = PBXFileReference; lastKnownFileType = sourcecode.swift; path = "Extension+UIStackView.swift"; sourceTree = "<group>"; };
		88FDBD952B85D2A400A6E73E /* Extension+Reactive.swift */ = {isa = PBXFileReference; lastKnownFileType = sourcecode.swift; path = "Extension+Reactive.swift"; sourceTree = "<group>"; };
		88FDBD9A2B85E75F00A6E73E /* Models.swift */ = {isa = PBXFileReference; lastKnownFileType = sourcecode.swift; path = Models.swift; sourceTree = "<group>"; };
		C194C63ECAA30391BFB5F97D /* Pods_Weather.framework */ = {isa = PBXFileReference; explicitFileType = wrapper.framework; includeInIndex = 0; path = Pods_Weather.framework; sourceTree = BUILT_PRODUCTS_DIR; };
/* End PBXFileReference section */

/* Begin PBXFrameworksBuildPhase section */
		88BBA6162B84E9C100F6248B /* Frameworks */ = {
			isa = PBXFrameworksBuildPhase;
			buildActionMask = 2147483647;
			files = (
				F448A4AB7D4C864C5152E57C /* Pods_Weather.framework in Frameworks */,
			);
			runOnlyForDeploymentPostprocessing = 0;
		};
/* End PBXFrameworksBuildPhase section */

/* Begin PBXGroup section */
		4E405564EDEBD8B1B1896493 /* Frameworks */ = {
			isa = PBXGroup;
			children = (
				C194C63ECAA30391BFB5F97D /* Pods_Weather.framework */,
			);
			name = Frameworks;
			sourceTree = "<group>";
		};
		56E0A2D24B60D953A3CFAB39 /* Pods */ = {
			isa = PBXGroup;
			children = (
				29D7380C5DC007F4B128999F /* Pods-Weather.debug.xcconfig */,
				31EBFCBC445020EB4094993A /* Pods-Weather.release.xcconfig */,
			);
			path = Pods;
			sourceTree = "<group>";
		};
		885BD34F2B861934000C5ECA /* NetworkService */ = {
			isa = PBXGroup;
			children = (
				885BD3502B86196C000C5ECA /* NetworkService.swift */,
			);
			path = NetworkService;
			sourceTree = "<group>";
		};
		885BD3522B868B43000C5ECA /* StorageService */ = {
			isa = PBXGroup;
			children = (
				885BD3532B868B5F000C5ECA /* StorageService.swift */,
			);
			path = StorageService;
			sourceTree = "<group>";
		};
		8871C91F2B91C8A600124220 /* Base */ = {
			isa = PBXGroup;
			children = (
				88FDBD912B852E4200A6E73E /* BaseTableCell.swift */,
				8871C9202B91C8C900124220 /* BaseViewController.swift */,
			);
			path = Base;
			sourceTree = "<group>";
		};
		88BBA6102B84E9C100F6248B = {
			isa = PBXGroup;
			children = (
				88BBA61B2B84E9C100F6248B /* Weather */,
				88FDBA812B850B6E00A6E73E /* Images */,
				88BBA61A2B84E9C100F6248B /* Products */,
				56E0A2D24B60D953A3CFAB39 /* Pods */,
				4E405564EDEBD8B1B1896493 /* Frameworks */,
			);
			sourceTree = "<group>";
		};
		88BBA61A2B84E9C100F6248B /* Products */ = {
			isa = PBXGroup;
			children = (
				88BBA6192B84E9C100F6248B /* Weather.app */,
			);
			name = Products;
			sourceTree = "<group>";
		};
		88BBA61B2B84E9C100F6248B /* Weather */ = {
			isa = PBXGroup;
			children = (
				88BBA61C2B84E9C100F6248B /* AppDelegate.swift */,
				88BBA6202B84E9C100F6248B /* ViewController.swift */,
				88BBA65C2B84FDA100F6248B /* TabBarControllerViewController.swift */,
				88BBA6562B84FC0400F6248B /* MainScreen */,
				88BBA6572B84FC7300F6248B /* FavouriteScreen */,
				88FDBD8E2B852D1C00A6E73E /* DetailScreen */,
				88FDBA892B8510BA00A6E73E /* Cells */,
				88FDBD992B85E73C00A6E73E /* Models */,
				885BD34F2B861934000C5ECA /* NetworkService */,
				885BD3522B868B43000C5ECA /* StorageService */,
				8871C91F2B91C8A600124220 /* Base */,
				88FDBA862B850CC600A6E73E /* Extensions */,
				88BBA6282B84E9C300F6248B /* Assets.xcassets */,
				88BBA62A2B84E9C400F6248B /* LaunchScreen.storyboard */,
				88BBA62D2B84E9C400F6248B /* Info.plist */,
			);
			path = Weather;
			sourceTree = "<group>";
		};
		88BBA6562B84FC0400F6248B /* MainScreen */ = {
			isa = PBXGroup;
			children = (
				88BBA6582B84FD5300F6248B /* MainViewController.swift */,
				885BD35D2B8A1468000C5ECA /* MainViewModel.swift */,
			);
			path = MainScreen;
			sourceTree = "<group>";
		};
		88BBA6572B84FC7300F6248B /* FavouriteScreen */ = {
			isa = PBXGroup;
			children = (
				88BBA65A2B84FD6700F6248B /* FavouriteViewController.swift */,
				885BD35B2B8A123C000C5ECA /* FavouriteViewModel.swift */,
			);
			path = FavouriteScreen;
			sourceTree = "<group>";
		};
		88FDBA812B850B6E00A6E73E /* Images */ = {
			isa = PBXGroup;
			children = (
				88FDBB552B85166500A6E73E /* IconsWather */,
				885BD3612B8A3202000C5ECA /* heart.png */,
				885BD3632B8A3226000C5ECA /* heartFill.png */,
				88FDBA822B850B9300A6E73E /* home.png */,
			);
			path = Images;
			sourceTree = "<group>";
		};
		88FDBA862B850CC600A6E73E /* Extensions */ = {
			isa = PBXGroup;
			children = (
				88FDBA872B850CE900A6E73E /* Extension+UIImage.swift */,
				88FDBD932B85312E00A6E73E /* Extension+UIStackView.swift */,
				88FDBD952B85D2A400A6E73E /* Extension+Reactive.swift */,
				885BD3552B873B9B000C5ECA /* Extension+String.swift */,
				885BD3652B8B6671000C5ECA /* Extension+NotificationCenter.swift */,
				885BD3672B8B7438000C5ECA /* Extension+Calendar.swift */,
			);
			path = Extensions;
			sourceTree = "<group>";
		};
		88FDBA892B8510BA00A6E73E /* Cells */ = {
			isa = PBXGroup;
			children = (
				88FDBA8A2B8510E300A6E73E /* WeatherTableViewCell.swift */,
				8871C9222B91D77900124220 /* WeatherTableViewCellModel.swift */,
			);
			path = Cells;
			sourceTree = "<group>";
		};
		88FDBB552B85166500A6E73E /* IconsWather */ = {
			isa = PBXGroup;
			children = (
				88FDBD322B8518F600A6E73E /* 113.png */,
				88FDBD3F2B8518FE00A6E73E /* 116.png */,
				88FDBD292B8518F200A6E73E /* 119.png */,
				88FDBD412B8518FF00A6E73E /* 122.png */,
				88FDBD4D2B85190500A6E73E /* 143.png */,
				88FDBD522B85190800A6E73E /* 176.png */,
				88FDBD352B8518F800A6E73E /* 179.png */,
				88FDBD2D2B8518F400A6E73E /* 182.png */,
				88FDBD4F2B85190600A6E73E /* 185.png */,
				88FDBD382B8518FA00A6E73E /* 200.png */,
				88FDBD482B85190200A6E73E /* 227.png */,
				88FDBD3E2B8518FD00A6E73E /* 230.png */,
				88FDBD2E2B8518F400A6E73E /* 248.png */,
				88FDBD262B8518F000A6E73E /* 260.png */,
				88FDBD492B85190300A6E73E /* 263.png */,
				88FDBD272B8518F100A6E73E /* 266.png */,
				88FDBD512B85190700A6E73E /* 281.png */,
				88FDBD302B8518F500A6E73E /* 284.png */,
				88FDBD2C2B8518F300A6E73E /* 293.png */,
				88FDBD4E2B85190600A6E73E /* 296.png */,
				88FDBD372B8518F900A6E73E /* 299.png */,
				88FDBD3A2B8518FB00A6E73E /* 302.png */,
				88FDBD282B8518F100A6E73E /* 305.png */,
				88FDBD2A2B8518F200A6E73E /* 308.png */,
				88FDBD4C2B85190500A6E73E /* 311.png */,
				88FDBD452B85190100A6E73E /* 314.png */,
				88FDBD3B2B8518FB00A6E73E /* 317.png */,
				88FDBD342B8518F800A6E73E /* 320.png */,
				88FDBD3D2B8518FC00A6E73E /* 323.png */,
				88FDBD2F2B8518F500A6E73E /* 326.png */,
				88FDBD462B85190100A6E73E /* 329.png */,
				88FDBD472B85190200A6E73E /* 332.png */,
				88FDBD532B85190800A6E73E /* 335.png */,
				88FDBD312B8518F600A6E73E /* 338.png */,
				88FDBD3C2B8518FC00A6E73E /* 350.png */,
				88FDBD502B85190700A6E73E /* 353.png */,
				88FDBD4A2B85190400A6E73E /* 356.png */,
				88FDBD442B85190000A6E73E /* 359.png */,
				88FDBD4B2B85190400A6E73E /* 362.png */,
				88FDBD362B8518F900A6E73E /* 365.png */,
				88FDBD392B8518FA00A6E73E /* 368.png */,
				88FDBD542B85190900A6E73E /* 371.png */,
				88FDBD432B85190000A6E73E /* 374.png */,
				88FDBD332B8518F700A6E73E /* 377.png */,
				88FDBD252B8518F000A6E73E /* 386.png */,
				88FDBD402B8518FE00A6E73E /* 389.png */,
				88FDBD2B2B8518F300A6E73E /* 392.png */,
				88FDBD242B8518EF00A6E73E /* 395.png */,
				88FDBD422B8518FF00A6E73E /* Thumbs.db */,
			);
			path = IconsWather;
			sourceTree = "<group>";
		};
		88FDBD8E2B852D1C00A6E73E /* DetailScreen */ = {
			isa = PBXGroup;
			children = (
				88FDBD8A2B852CFE00A6E73E /* DetailViewController.swift */,
				88FDBD8C2B852D1200A6E73E /* DetailViewModel.swift */,
			);
			path = DetailScreen;
			sourceTree = "<group>";
		};
		88FDBD992B85E73C00A6E73E /* Models */ = {
			isa = PBXGroup;
			children = (
				88FDBD9A2B85E75F00A6E73E /* Models.swift */,
				885BD3592B8744D5000C5ECA /* RealmModels.swift */,
			);
			path = Models;
			sourceTree = "<group>";
		};
/* End PBXGroup section */

/* Begin PBXNativeTarget section */
		88BBA6182B84E9C100F6248B /* Weather */ = {
			isa = PBXNativeTarget;
			buildConfigurationList = 88BBA6302B84E9C400F6248B /* Build configuration list for PBXNativeTarget "Weather" */;
			buildPhases = (
				89E7E77C3C9C733E4E15E4C5 /* [CP] Check Pods Manifest.lock */,
				88BBA6152B84E9C100F6248B /* Sources */,
				88BBA6162B84E9C100F6248B /* Frameworks */,
				88BBA6172B84E9C100F6248B /* Resources */,
				508AE8B0DF24FB8966C13C0C /* [CP] Embed Pods Frameworks */,
			);
			buildRules = (
			);
			dependencies = (
			);
			name = Weather;
			productName = Weather;
			productReference = 88BBA6192B84E9C100F6248B /* Weather.app */;
			productType = "com.apple.product-type.application";
		};
/* End PBXNativeTarget section */

/* Begin PBXProject section */
		88BBA6112B84E9C100F6248B /* Project object */ = {
			isa = PBXProject;
			attributes = {
				BuildIndependentTargetsInParallel = 1;
				LastSwiftUpdateCheck = 1430;
				LastUpgradeCheck = 1430;
				TargetAttributes = {
					88BBA6182B84E9C100F6248B = {
						CreatedOnToolsVersion = 14.3.1;
					};
				};
			};
			buildConfigurationList = 88BBA6142B84E9C100F6248B /* Build configuration list for PBXProject "Weather" */;
			compatibilityVersion = "Xcode 14.0";
			developmentRegion = en;
			hasScannedForEncodings = 0;
			knownRegions = (
				en,
				Base,
			);
			mainGroup = 88BBA6102B84E9C100F6248B;
			productRefGroup = 88BBA61A2B84E9C100F6248B /* Products */;
			projectDirPath = "";
			projectRoot = "";
			targets = (
				88BBA6182B84E9C100F6248B /* Weather */,
			);
		};
/* End PBXProject section */

/* Begin PBXResourcesBuildPhase section */
		88BBA6172B84E9C100F6248B /* Resources */ = {
			isa = PBXResourcesBuildPhase;
			buildActionMask = 2147483647;
			files = (
				88FDBD7B2B85190900A6E73E /* 356.png in Resources */,
				88FDBD612B85190900A6E73E /* 284.png in Resources */,
				88FDBD852B85190900A6E73E /* 371.png in Resources */,
				88FDBD6C2B85190900A6E73E /* 317.png in Resources */,
				88FDBD5C2B85190900A6E73E /* 392.png in Resources */,
				88FDBD5D2B85190900A6E73E /* 293.png in Resources */,
				88FDBD842B85190900A6E73E /* 335.png in Resources */,
				88FDBD652B85190900A6E73E /* 320.png in Resources */,
				88FDBD832B85190900A6E73E /* 176.png in Resources */,
				88FDBD582B85190900A6E73E /* 266.png in Resources */,
				88FDBD6E2B85190900A6E73E /* 323.png in Resources */,
				88FDBD552B85190900A6E73E /* 395.png in Resources */,
				88FDBD6F2B85190900A6E73E /* 230.png in Resources */,
				88FDBD682B85190900A6E73E /* 299.png in Resources */,
				88FDBD782B85190900A6E73E /* 332.png in Resources */,
				88FDBD572B85190900A6E73E /* 260.png in Resources */,
				88FDBD7C2B85190900A6E73E /* 362.png in Resources */,
				88FDBD752B85190900A6E73E /* 359.png in Resources */,
				88FDBD822B85190900A6E73E /* 281.png in Resources */,
				88FDBD7D2B85190900A6E73E /* 311.png in Resources */,
				88FDBD602B85190900A6E73E /* 326.png in Resources */,
				88FDBD672B85190900A6E73E /* 365.png in Resources */,
				88FDBD642B85190900A6E73E /* 377.png in Resources */,
				88FDBD592B85190900A6E73E /* 305.png in Resources */,
				88FDBD812B85190900A6E73E /* 353.png in Resources */,
				885BD3642B8A3226000C5ECA /* heartFill.png in Resources */,
				88FDBD692B85190900A6E73E /* 200.png in Resources */,
				88FDBD5F2B85190900A6E73E /* 248.png in Resources */,
				88FDBD6D2B85190900A6E73E /* 350.png in Resources */,
				88FDBD702B85190900A6E73E /* 116.png in Resources */,
				88FDBD802B85190900A6E73E /* 185.png in Resources */,
				885BD3622B8A3202000C5ECA /* heart.png in Resources */,
				88FDBD5E2B85190900A6E73E /* 182.png in Resources */,
				88FDBD712B85190900A6E73E /* 389.png in Resources */,
				88FDBD792B85190900A6E73E /* 227.png in Resources */,
				88FDBD7F2B85190900A6E73E /* 296.png in Resources */,
				88FDBD5A2B85190900A6E73E /* 119.png in Resources */,
				88FDBD622B85190900A6E73E /* 338.png in Resources */,
				88FDBD742B85190900A6E73E /* 374.png in Resources */,
				88FDBD662B85190900A6E73E /* 179.png in Resources */,
				88BBA62C2B84E9C400F6248B /* LaunchScreen.storyboard in Resources */,
				88FDBD562B85190900A6E73E /* 386.png in Resources */,
				88FDBD722B85190900A6E73E /* 122.png in Resources */,
				88FDBD6B2B85190900A6E73E /* 302.png in Resources */,
				88FDBD7A2B85190900A6E73E /* 263.png in Resources */,
				88FDBD632B85190900A6E73E /* 113.png in Resources */,
				88FDBD7E2B85190900A6E73E /* 143.png in Resources */,
				88BBA6292B84E9C400F6248B /* Assets.xcassets in Resources */,
				88FDBD732B85190900A6E73E /* Thumbs.db in Resources */,
				88FDBD6A2B85190900A6E73E /* 368.png in Resources */,
				88FDBA842B850B9400A6E73E /* home.png in Resources */,
				88FDBD772B85190900A6E73E /* 329.png in Resources */,
				88FDBD762B85190900A6E73E /* 314.png in Resources */,
				88FDBD5B2B85190900A6E73E /* 308.png in Resources */,
			);
			runOnlyForDeploymentPostprocessing = 0;
		};
/* End PBXResourcesBuildPhase section */

/* Begin PBXShellScriptBuildPhase section */
		508AE8B0DF24FB8966C13C0C /* [CP] Embed Pods Frameworks */ = {
			isa = PBXShellScriptBuildPhase;
			buildActionMask = 2147483647;
			files = (
			);
			inputFileListPaths = (
				"${PODS_ROOT}/Target Support Files/Pods-Weather/Pods-Weather-frameworks-${CONFIGURATION}-input-files.xcfilelist",
			);
			name = "[CP] Embed Pods Frameworks";
			outputFileListPaths = (
				"${PODS_ROOT}/Target Support Files/Pods-Weather/Pods-Weather-frameworks-${CONFIGURATION}-output-files.xcfilelist",
			);
			runOnlyForDeploymentPostprocessing = 0;
			shellPath = /bin/sh;
			shellScript = "\"${PODS_ROOT}/Target Support Files/Pods-Weather/Pods-Weather-frameworks.sh\"\n";
			showEnvVarsInLog = 0;
		};
		89E7E77C3C9C733E4E15E4C5 /* [CP] Check Pods Manifest.lock */ = {
			isa = PBXShellScriptBuildPhase;
			buildActionMask = 2147483647;
			files = (
			);
			inputFileListPaths = (
			);
			inputPaths = (
				"${PODS_PODFILE_DIR_PATH}/Podfile.lock",
				"${PODS_ROOT}/Manifest.lock",
			);
			name = "[CP] Check Pods Manifest.lock";
			outputFileListPaths = (
			);
			outputPaths = (
				"$(DERIVED_FILE_DIR)/Pods-Weather-checkManifestLockResult.txt",
			);
			runOnlyForDeploymentPostprocessing = 0;
			shellPath = /bin/sh;
			shellScript = "diff \"${PODS_PODFILE_DIR_PATH}/Podfile.lock\" \"${PODS_ROOT}/Manifest.lock\" > /dev/null\nif [ $? != 0 ] ; then\n    # print error to STDERR\n    echo \"error: The sandbox is not in sync with the Podfile.lock. Run 'pod install' or update your CocoaPods installation.\" >&2\n    exit 1\nfi\n# This output is used by Xcode 'outputs' to avoid re-running this script phase.\necho \"SUCCESS\" > \"${SCRIPT_OUTPUT_FILE_0}\"\n";
			showEnvVarsInLog = 0;
		};
/* End PBXShellScriptBuildPhase section */

/* Begin PBXSourcesBuildPhase section */
		88BBA6152B84E9C100F6248B /* Sources */ = {
			isa = PBXSourcesBuildPhase;
			buildActionMask = 2147483647;
			files = (
				88FDBA8B2B8510E300A6E73E /* WeatherTableViewCell.swift in Sources */,
				88FDBA882B850CE900A6E73E /* Extension+UIImage.swift in Sources */,
				8871C9212B91C8C900124220 /* BaseViewController.swift in Sources */,
				88BBA6212B84E9C100F6248B /* ViewController.swift in Sources */,
				88BBA61D2B84E9C100F6248B /* AppDelegate.swift in Sources */,
				885BD3562B873B9B000C5ECA /* Extension+String.swift in Sources */,
				885BD3512B86196C000C5ECA /* NetworkService.swift in Sources */,
				88BBA65D2B84FDA100F6248B /* TabBarControllerViewController.swift in Sources */,
				885BD3682B8B7438000C5ECA /* Extension+Calendar.swift in Sources */,
				885BD35E2B8A1468000C5ECA /* MainViewModel.swift in Sources */,
				885BD3542B868B5F000C5ECA /* StorageService.swift in Sources */,
				88BBA65B2B84FD6700F6248B /* FavouriteViewController.swift in Sources */,
				8871C9232B91D77900124220 /* WeatherTableViewCellModel.swift in Sources */,
				88FDBD8B2B852CFE00A6E73E /* DetailViewController.swift in Sources */,
				885BD35C2B8A123C000C5ECA /* FavouriteViewModel.swift in Sources */,
				88FDBD942B85312E00A6E73E /* Extension+UIStackView.swift in Sources */,
				88FDBD962B85D2A500A6E73E /* Extension+Reactive.swift in Sources */,
				88FDBD9B2B85E75F00A6E73E /* Models.swift in Sources */,
				88FDBD922B852E4200A6E73E /* BaseTableCell.swift in Sources */,
				88BBA6592B84FD5300F6248B /* MainViewController.swift in Sources */,
				885BD3662B8B6671000C5ECA /* Extension+NotificationCenter.swift in Sources */,
				88FDBD8D2B852D1200A6E73E /* DetailViewModel.swift in Sources */,
				885BD35A2B8744D5000C5ECA /* RealmModels.swift in Sources */,
			);
			runOnlyForDeploymentPostprocessing = 0;
		};
/* End PBXSourcesBuildPhase section */

/* Begin PBXVariantGroup section */
		88BBA62A2B84E9C400F6248B /* LaunchScreen.storyboard */ = {
			isa = PBXVariantGroup;
			children = (
				88BBA62B2B84E9C400F6248B /* Base */,
			);
			name = LaunchScreen.storyboard;
			sourceTree = "<group>";
		};
/* End PBXVariantGroup section */

/* Begin XCBuildConfiguration section */
		88BBA62E2B84E9C400F6248B /* Debug */ = {
			isa = XCBuildConfiguration;
			buildSettings = {
				ALWAYS_SEARCH_USER_PATHS = NO;
				CLANG_ANALYZER_NONNULL = YES;
				CLANG_ANALYZER_NUMBER_OBJECT_CONVERSION = YES_AGGRESSIVE;
				CLANG_CXX_LANGUAGE_STANDARD = "gnu++20";
				CLANG_ENABLE_MODULES = YES;
				CLANG_ENABLE_OBJC_ARC = YES;
				CLANG_ENABLE_OBJC_WEAK = YES;
				CLANG_WARN_BLOCK_CAPTURE_AUTORELEASING = YES;
				CLANG_WARN_BOOL_CONVERSION = YES;
				CLANG_WARN_COMMA = YES;
				CLANG_WARN_CONSTANT_CONVERSION = YES;
				CLANG_WARN_DEPRECATED_OBJC_IMPLEMENTATIONS = YES;
				CLANG_WARN_DIRECT_OBJC_ISA_USAGE = YES_ERROR;
				CLANG_WARN_DOCUMENTATION_COMMENTS = YES;
				CLANG_WARN_EMPTY_BODY = YES;
				CLANG_WARN_ENUM_CONVERSION = YES;
				CLANG_WARN_INFINITE_RECURSION = YES;
				CLANG_WARN_INT_CONVERSION = YES;
				CLANG_WARN_NON_LITERAL_NULL_CONVERSION = YES;
				CLANG_WARN_OBJC_IMPLICIT_RETAIN_SELF = YES;
				CLANG_WARN_OBJC_LITERAL_CONVERSION = YES;
				CLANG_WARN_OBJC_ROOT_CLASS = YES_ERROR;
				CLANG_WARN_QUOTED_INCLUDE_IN_FRAMEWORK_HEADER = YES;
				CLANG_WARN_RANGE_LOOP_ANALYSIS = YES;
				CLANG_WARN_STRICT_PROTOTYPES = YES;
				CLANG_WARN_SUSPICIOUS_MOVE = YES;
				CLANG_WARN_UNGUARDED_AVAILABILITY = YES_AGGRESSIVE;
				CLANG_WARN_UNREACHABLE_CODE = YES;
				CLANG_WARN__DUPLICATE_METHOD_MATCH = YES;
				COPY_PHASE_STRIP = NO;
				DEBUG_INFORMATION_FORMAT = dwarf;
				ENABLE_STRICT_OBJC_MSGSEND = YES;
				ENABLE_TESTABILITY = YES;
				GCC_C_LANGUAGE_STANDARD = gnu11;
				GCC_DYNAMIC_NO_PIC = NO;
				GCC_NO_COMMON_BLOCKS = YES;
				GCC_OPTIMIZATION_LEVEL = 0;
				GCC_PREPROCESSOR_DEFINITIONS = (
					"DEBUG=1",
					"$(inherited)",
				);
				GCC_WARN_64_TO_32_BIT_CONVERSION = YES;
				GCC_WARN_ABOUT_RETURN_TYPE = YES_ERROR;
				GCC_WARN_UNDECLARED_SELECTOR = YES;
				GCC_WARN_UNINITIALIZED_AUTOS = YES_AGGRESSIVE;
				GCC_WARN_UNUSED_FUNCTION = YES;
				GCC_WARN_UNUSED_VARIABLE = YES;
				IPHONEOS_DEPLOYMENT_TARGET = 11.0;
				MTL_ENABLE_DEBUG_INFO = INCLUDE_SOURCE;
				MTL_FAST_MATH = YES;
				ONLY_ACTIVE_ARCH = YES;
				SDKROOT = iphoneos;
				SWIFT_ACTIVE_COMPILATION_CONDITIONS = DEBUG;
				SWIFT_OPTIMIZATION_LEVEL = "-Onone";
			};
			name = Debug;
		};
		88BBA62F2B84E9C400F6248B /* Release */ = {
			isa = XCBuildConfiguration;
			buildSettings = {
				ALWAYS_SEARCH_USER_PATHS = NO;
				CLANG_ANALYZER_NONNULL = YES;
				CLANG_ANALYZER_NUMBER_OBJECT_CONVERSION = YES_AGGRESSIVE;
				CLANG_CXX_LANGUAGE_STANDARD = "gnu++20";
				CLANG_ENABLE_MODULES = YES;
				CLANG_ENABLE_OBJC_ARC = YES;
				CLANG_ENABLE_OBJC_WEAK = YES;
				CLANG_WARN_BLOCK_CAPTURE_AUTORELEASING = YES;
				CLANG_WARN_BOOL_CONVERSION = YES;
				CLANG_WARN_COMMA = YES;
				CLANG_WARN_CONSTANT_CONVERSION = YES;
				CLANG_WARN_DEPRECATED_OBJC_IMPLEMENTATIONS = YES;
				CLANG_WARN_DIRECT_OBJC_ISA_USAGE = YES_ERROR;
				CLANG_WARN_DOCUMENTATION_COMMENTS = YES;
				CLANG_WARN_EMPTY_BODY = YES;
				CLANG_WARN_ENUM_CONVERSION = YES;
				CLANG_WARN_INFINITE_RECURSION = YES;
				CLANG_WARN_INT_CONVERSION = YES;
				CLANG_WARN_NON_LITERAL_NULL_CONVERSION = YES;
				CLANG_WARN_OBJC_IMPLICIT_RETAIN_SELF = YES;
				CLANG_WARN_OBJC_LITERAL_CONVERSION = YES;
				CLANG_WARN_OBJC_ROOT_CLASS = YES_ERROR;
				CLANG_WARN_QUOTED_INCLUDE_IN_FRAMEWORK_HEADER = YES;
				CLANG_WARN_RANGE_LOOP_ANALYSIS = YES;
				CLANG_WARN_STRICT_PROTOTYPES = YES;
				CLANG_WARN_SUSPICIOUS_MOVE = YES;
				CLANG_WARN_UNGUARDED_AVAILABILITY = YES_AGGRESSIVE;
				CLANG_WARN_UNREACHABLE_CODE = YES;
				CLANG_WARN__DUPLICATE_METHOD_MATCH = YES;
				COPY_PHASE_STRIP = NO;
				DEBUG_INFORMATION_FORMAT = "dwarf-with-dsym";
				ENABLE_NS_ASSERTIONS = NO;
				ENABLE_STRICT_OBJC_MSGSEND = YES;
				GCC_C_LANGUAGE_STANDARD = gnu11;
				GCC_NO_COMMON_BLOCKS = YES;
				GCC_WARN_64_TO_32_BIT_CONVERSION = YES;
				GCC_WARN_ABOUT_RETURN_TYPE = YES_ERROR;
				GCC_WARN_UNDECLARED_SELECTOR = YES;
				GCC_WARN_UNINITIALIZED_AUTOS = YES_AGGRESSIVE;
				GCC_WARN_UNUSED_FUNCTION = YES;
				GCC_WARN_UNUSED_VARIABLE = YES;
				IPHONEOS_DEPLOYMENT_TARGET = 11.0;
				MTL_ENABLE_DEBUG_INFO = NO;
				MTL_FAST_MATH = YES;
				SDKROOT = iphoneos;
				SWIFT_COMPILATION_MODE = wholemodule;
				SWIFT_OPTIMIZATION_LEVEL = "-O";
				VALIDATE_PRODUCT = YES;
			};
			name = Release;
		};
		88BBA6312B84E9C400F6248B /* Debug */ = {
			isa = XCBuildConfiguration;
			baseConfigurationReference = 29D7380C5DC007F4B128999F /* Pods-Weather.debug.xcconfig */;
			buildSettings = {
				ASSETCATALOG_COMPILER_APPICON_NAME = AppIcon;
				ASSETCATALOG_COMPILER_GLOBAL_ACCENT_COLOR_NAME = AccentColor;
				CODE_SIGN_STYLE = Automatic;
				CURRENT_PROJECT_VERSION = 1;
				DEVELOPMENT_TEAM = 5H4375MA33;
				GENERATE_INFOPLIST_FILE = YES;
				INFOPLIST_FILE = Weather/Info.plist;
				INFOPLIST_KEY_UIApplicationSupportsIndirectInputEvents = YES;
				INFOPLIST_KEY_UILaunchStoryboardName = LaunchScreen.storyboard;
				INFOPLIST_KEY_UISupportedInterfaceOrientations = UIInterfaceOrientationPortrait;
				IPHONEOS_DEPLOYMENT_TARGET = 11.0;
				LD_RUNPATH_SEARCH_PATHS = (
					"$(inherited)",
					"@executable_path/Frameworks",
				);
				MARKETING_VERSION = 1.0;
				PRODUCT_BUNDLE_IDENTIFIER = com.alexeyodnolko.Weather;
				PRODUCT_NAME = "$(TARGET_NAME)";
				SWIFT_EMIT_LOC_STRINGS = YES;
				SWIFT_VERSION = 5.0;
				TARGETED_DEVICE_FAMILY = "1,2";
			};
			name = Debug;
		};
		88BBA6322B84E9C400F6248B /* Release */ = {
			isa = XCBuildConfiguration;
			baseConfigurationReference = 31EBFCBC445020EB4094993A /* Pods-Weather.release.xcconfig */;
			buildSettings = {
				ASSETCATALOG_COMPILER_APPICON_NAME = AppIcon;
				ASSETCATALOG_COMPILER_GLOBAL_ACCENT_COLOR_NAME = AccentColor;
				CODE_SIGN_STYLE = Automatic;
				CURRENT_PROJECT_VERSION = 1;
				DEVELOPMENT_TEAM = 5H4375MA33;
				GENERATE_INFOPLIST_FILE = YES;
				INFOPLIST_FILE = Weather/Info.plist;
				INFOPLIST_KEY_UIApplicationSupportsIndirectInputEvents = YES;
				INFOPLIST_KEY_UILaunchStoryboardName = LaunchScreen.storyboard;
				INFOPLIST_KEY_UISupportedInterfaceOrientations = UIInterfaceOrientationPortrait;
				IPHONEOS_DEPLOYMENT_TARGET = 11.0;
				LD_RUNPATH_SEARCH_PATHS = (
					"$(inherited)",
					"@executable_path/Frameworks",
				);
				MARKETING_VERSION = 1.0;
				PRODUCT_BUNDLE_IDENTIFIER = com.alexeyodnolko.Weather;
				PRODUCT_NAME = "$(TARGET_NAME)";
				SWIFT_EMIT_LOC_STRINGS = YES;
				SWIFT_VERSION = 5.0;
				TARGETED_DEVICE_FAMILY = "1,2";
			};
			name = Release;
		};
/* End XCBuildConfiguration section */

/* Begin XCConfigurationList section */
		88BBA6142B84E9C100F6248B /* Build configuration list for PBXProject "Weather" */ = {
			isa = XCConfigurationList;
			buildConfigurations = (
				88BBA62E2B84E9C400F6248B /* Debug */,
				88BBA62F2B84E9C400F6248B /* Release */,
			);
			defaultConfigurationIsVisible = 0;
			defaultConfigurationName = Release;
		};
		88BBA6302B84E9C400F6248B /* Build configuration list for PBXNativeTarget "Weather" */ = {
			isa = XCConfigurationList;
			buildConfigurations = (
				88BBA6312B84E9C400F6248B /* Debug */,
				88BBA6322B84E9C400F6248B /* Release */,
			);
			defaultConfigurationIsVisible = 0;
			defaultConfigurationName = Release;
		};
/* End XCConfigurationList section */
	};
	rootObject = 88BBA6112B84E9C100F6248B /* Project object */;
}
